// !$*UTF8*$!
{
	archiveVersion = 1;
	classes = {
	};
	objectVersion = 50;
	objects = {

/* Begin PBXBuildFile section */
		24DBE73D22A97F4A0066A8D5 /* AppDelegate.swift in Sources */ = {isa = PBXBuildFile; fileRef = 24DBE73C22A97F4A0066A8D5 /* AppDelegate.swift */; };
		24DBE74222A97F4A0066A8D5 /* Main.storyboard in Resources */ = {isa = PBXBuildFile; fileRef = 24DBE74022A97F4A0066A8D5 /* Main.storyboard */; };
		24DBE74422A97F4B0066A8D5 /* Assets.xcassets in Resources */ = {isa = PBXBuildFile; fileRef = 24DBE74322A97F4B0066A8D5 /* Assets.xcassets */; };
		24DBE74722A97F4B0066A8D5 /* LaunchScreen.storyboard in Resources */ = {isa = PBXBuildFile; fileRef = 24DBE74522A97F4B0066A8D5 /* LaunchScreen.storyboard */; };
		24DBE75422A985350066A8D5 /* serial.swift in Sources */ = {isa = PBXBuildFile; fileRef = 24DBE75322A985350066A8D5 /* serial.swift */; };
		24DBE75622A98A1F0066A8D5 /* SerialViewController.swift in Sources */ = {isa = PBXBuildFile; fileRef = 24DBE75522A98A1F0066A8D5 /* SerialViewController.swift */; };
		24DBE75822ABB0CC0066A8D5 /*  DataController.swift in Sources */ = {isa = PBXBuildFile; fileRef = 24DBE75722ABB0CC0066A8D5 /*  DataController.swift */; };
		24DBE75A22AC352A0066A8D5 /* CellController.swift in Sources */ = {isa = PBXBuildFile; fileRef = 24DBE75922AC352A0066A8D5 /* CellController.swift */; };
		24FC3B9622AD552B0071B021 /* SerialDetailViewController.swift in Sources */ = {isa = PBXBuildFile; fileRef = 24FC3B9522AD552B0071B021 /* SerialDetailViewController.swift */; };
/* End PBXBuildFile section */

/* Begin PBXFileReference section */
		24DBE73922A97F4A0066A8D5 /* myProjectMVC.app */ = {isa = PBXFileReference; explicitFileType = wrapper.application; includeInIndex = 0; path = myProjectMVC.app; sourceTree = BUILT_PRODUCTS_DIR; };
		24DBE73C22A97F4A0066A8D5 /* AppDelegate.swift */ = {isa = PBXFileReference; lastKnownFileType = sourcecode.swift; path = AppDelegate.swift; sourceTree = "<group>"; };
		24DBE74122A97F4A0066A8D5 /* Base */ = {isa = PBXFileReference; lastKnownFileType = file.storyboard; name = Base; path = Base.lproj/Main.storyboard; sourceTree = "<group>"; };
		24DBE74322A97F4B0066A8D5 /* Assets.xcassets */ = {isa = PBXFileReference; lastKnownFileType = folder.assetcatalog; path = Assets.xcassets; sourceTree = "<group>"; };
		24DBE74622A97F4B0066A8D5 /* Base */ = {isa = PBXFileReference; lastKnownFileType = file.storyboard; name = Base; path = Base.lproj/LaunchScreen.storyboard; sourceTree = "<group>"; };
		24DBE74822A97F4B0066A8D5 /* Info.plist */ = {isa = PBXFileReference; lastKnownFileType = text.plist.xml; path = Info.plist; sourceTree = "<group>"; };
		24DBE75322A985350066A8D5 /* serial.swift */ = {isa = PBXFileReference; lastKnownFileType = sourcecode.swift; path = serial.swift; sourceTree = "<group>"; };
		24DBE75522A98A1F0066A8D5 /* SerialViewController.swift */ = {isa = PBXFileReference; lastKnownFileType = sourcecode.swift; path = SerialViewController.swift; sourceTree = "<group>"; };
		24DBE75722ABB0CC0066A8D5 /*  DataController.swift */ = {isa = PBXFileReference; lastKnownFileType = sourcecode.swift; path = " DataController.swift"; sourceTree = "<group>"; };
		24DBE75922AC352A0066A8D5 /* CellController.swift */ = {isa = PBXFileReference; lastKnownFileType = sourcecode.swift; path = CellController.swift; sourceTree = "<group>"; };
		24FC3B9522AD552B0071B021 /* SerialDetailViewController.swift */ = {isa = PBXFileReference; lastKnownFileType = sourcecode.swift; path = SerialDetailViewController.swift; sourceTree = "<group>"; };
/* End PBXFileReference section */

/* Begin PBXFrameworksBuildPhase section */
		24DBE73622A97F4A0066A8D5 /* Frameworks */ = {
			isa = PBXFrameworksBuildPhase;
			buildActionMask = 2147483647;
			files = (
			);
			runOnlyForDeploymentPostprocessing = 0;
		};
/* End PBXFrameworksBuildPhase section */

/* Begin PBXGroup section */
		24DBE73022A97F4A0066A8D5 = {
			isa = PBXGroup;
			children = (
				24DBE73B22A97F4A0066A8D5 /* myProjectMVC */,
				24DBE73A22A97F4A0066A8D5 /* Products */,
			);
			sourceTree = "<group>";
		};
		24DBE73A22A97F4A0066A8D5 /* Products */ = {
			isa = PBXGroup;
			children = (
				24DBE73922A97F4A0066A8D5 /* myProjectMVC.app */,
			);
			name = Products;
			sourceTree = "<group>";
		};
		24DBE73B22A97F4A0066A8D5 /* myProjectMVC */ = {
			isa = PBXGroup;
			children = (
				24DBE75222A981B70066A8D5 /* Model */,
				24DBE75122A980E30066A8D5 /* Resources */,
				24DBE74F22A97FCD0066A8D5 /* Other Controllers */,
				24DBE75022A980BC0066A8D5 /* View */,
				24FC3B9422AD53270071B021 /* View Controllers */,
				24DBE74E22A97F550066A8D5 /* App */,
			);
			path = myProjectMVC;
			sourceTree = "<group>";
		};
		24DBE74E22A97F550066A8D5 /* App */ = {
			isa = PBXGroup;
			children = (
				24DBE73C22A97F4A0066A8D5 /* AppDelegate.swift */,
				24DBE74822A97F4B0066A8D5 /* Info.plist */,
			);
			path = App;
			sourceTree = "<group>";
		};
		24DBE74F22A97FCD0066A8D5 /* Other Controllers */ = {
			isa = PBXGroup;
			children = (
				24DBE75722ABB0CC0066A8D5 /*  DataController.swift */,
				24DBE75922AC352A0066A8D5 /* CellController.swift */,
			);
			path = "Other Controllers";
			sourceTree = "<group>";
		};
		24DBE75022A980BC0066A8D5 /* View */ = {
			isa = PBXGroup;
			children = (
				24DBE74022A97F4A0066A8D5 /* Main.storyboard */,
				24DBE74522A97F4B0066A8D5 /* LaunchScreen.storyboard */,
			);
			path = View;
			sourceTree = "<group>";
		};
		24DBE75122A980E30066A8D5 /* Resources */ = {
			isa = PBXGroup;
			children = (
				24DBE74322A97F4B0066A8D5 /* Assets.xcassets */,
			);
			path = Resources;
			sourceTree = "<group>";
		};
		24DBE75222A981B70066A8D5 /* Model */ = {
			isa = PBXGroup;
			children = (
				24DBE75322A985350066A8D5 /* serial.swift */,
			);
			path = Model;
			sourceTree = "<group>";
		};
		24FC3B9422AD53270071B021 /* View Controllers */ = {
			isa = PBXGroup;
			children = (
				24DBE75522A98A1F0066A8D5 /* SerialViewController.swift */,
				24FC3B9522AD552B0071B021 /* SerialDetailViewController.swift */,
			);
			path = "View Controllers";
			sourceTree = "<group>";
		};
/* End PBXGroup section */

/* Begin PBXNativeTarget section */
		24DBE73822A97F4A0066A8D5 /* myProjectMVC */ = {
			isa = PBXNativeTarget;
			buildConfigurationList = 24DBE74B22A97F4B0066A8D5 /* Build configuration list for PBXNativeTarget "myProjectMVC" */;
			buildPhases = (
				24DBE73522A97F4A0066A8D5 /* Sources */,
				24DBE73622A97F4A0066A8D5 /* Frameworks */,
				24DBE73722A97F4A0066A8D5 /* Resources */,
			);
			buildRules = (
			);
			dependencies = (
			);
			name = myProjectMVC;
			productName = myProjectMVC;
			productReference = 24DBE73922A97F4A0066A8D5 /* myProjectMVC.app */;
			productType = "com.apple.product-type.application";
		};
/* End PBXNativeTarget section */

/* Begin PBXProject section */
		24DBE73122A97F4A0066A8D5 /* Project object */ = {
			isa = PBXProject;
			attributes = {
				LastSwiftUpdateCheck = 1020;
				LastUpgradeCheck = 1020;
				ORGANIZATIONNAME = "Aidar Zhussupov";
				TargetAttributes = {
					24DBE73822A97F4A0066A8D5 = {
						CreatedOnToolsVersion = 10.2.1;
					};
				};
			};
			buildConfigurationList = 24DBE73422A97F4A0066A8D5 /* Build configuration list for PBXProject "myProjectMVC" */;
			compatibilityVersion = "Xcode 9.3";
			developmentRegion = en;
			hasScannedForEncodings = 0;
			knownRegions = (
				en,
				Base,
			);
			mainGroup = 24DBE73022A97F4A0066A8D5;
			productRefGroup = 24DBE73A22A97F4A0066A8D5 /* Products */;
			projectDirPath = "";
			projectRoot = "";
			targets = (
				24DBE73822A97F4A0066A8D5 /* myProjectMVC */,
			);
		};
/* End PBXProject section */

/* Begin PBXResourcesBuildPhase section */
		24DBE73722A97F4A0066A8D5 /* Resources */ = {
			isa = PBXResourcesBuildPhase;
			buildActionMask = 2147483647;
			files = (
				24DBE74722A97F4B0066A8D5 /* LaunchScreen.storyboard in Resources */,
				24DBE74422A97F4B0066A8D5 /* Assets.xcassets in Resources */,
				24DBE74222A97F4A0066A8D5 /* Main.storyboard in Resources */,
			);
			runOnlyForDeploymentPostprocessing = 0;
		};
/* End PBXResourcesBuildPhase section */

/* Begin PBXSourcesBuildPhase section */
		24DBE73522A97F4A0066A8D5 /* Sources */ = {
			isa = PBXSourcesBuildPhase;
			buildActionMask = 2147483647;
			files = (
				24DBE75422A985350066A8D5 /* serial.swift in Sources */,
				24DBE73D22A97F4A0066A8D5 /* AppDelegate.swift in Sources */,
				24FC3B9622AD552B0071B021 /* SerialDetailViewController.swift in Sources */,
				24DBE75822ABB0CC0066A8D5 /*  DataController.swift in Sources */,
				24DBE75622A98A1F0066A8D5 /* SerialViewController.swift in Sources */,
				24DBE75A22AC352A0066A8D5 /* CellController.swift in Sources */,
			);
			runOnlyForDeploymentPostprocessing = 0;
		};
/* End PBXSourcesBuildPhase section */

/* Begin PBXVariantGroup section */
		24DBE74022A97F4A0066A8D5 /* Main.storyboard */ = {
			isa = PBXVariantGroup;
			children = (
				24DBE74122A97F4A0066A8D5 /* Base */,
			);
			name = Main.storyboard;
			sourceTree = "<group>";
		};
		24DBE74522A97F4B0066A8D5 /* LaunchScreen.storyboard */ = {
			isa = PBXVariantGroup;
			children = (
				24DBE74622A97F4B0066A8D5 /* Base */,
			);
			name = LaunchScreen.storyboard;
			sourceTree = "<group>";
		};
/* End PBXVariantGroup section */

/* Begin XCBuildConfiguration section */
		24DBE74922A97F4B0066A8D5 /* Debug */ = {
			isa = XCBuildConfiguration;
			buildSettings = {
				ALWAYS_SEARCH_USER_PATHS = NO;
				CLANG_ANALYZER_NONNULL = YES;
				CLANG_ANALYZER_NUMBER_OBJECT_CONVERSION = YES_AGGRESSIVE;
				CLANG_CXX_LANGUAGE_STANDARD = "gnu++14";
				CLANG_CXX_LIBRARY = "libc++";
				CLANG_ENABLE_MODULES = YES;
				CLANG_ENABLE_OBJC_ARC = YES;
				CLANG_ENABLE_OBJC_WEAK = YES;
				CLANG_WARN_BLOCK_CAPTURE_AUTORELEASING = YES;
				CLANG_WARN_BOOL_CONVERSION = YES;
				CLANG_WARN_COMMA = YES;
				CLANG_WARN_CONSTANT_CONVERSION = YES;
				CLANG_WARN_DEPRECATED_OBJC_IMPLEMENTATIONS = YES;
				CLANG_WARN_DIRECT_OBJC_ISA_USAGE = YES_ERROR;
				CLANG_WARN_DOCUMENTATION_COMMENTS = YES;
				CLANG_WARN_EMPTY_BODY = YES;
				CLANG_WARN_ENUM_CONVERSION = YES;
				CLANG_WARN_INFINITE_RECURSION = YES;
				CLANG_WARN_INT_CONVERSION = YES;
				CLANG_WARN_NON_LITERAL_NULL_CONVERSION = YES;
				CLANG_WARN_OBJC_IMPLICIT_RETAIN_SELF = YES;
				CLANG_WARN_OBJC_LITERAL_CONVERSION = YES;
				CLANG_WARN_OBJC_ROOT_CLASS = YES_ERROR;
				CLANG_WARN_RANGE_LOOP_ANALYSIS = YES;
				CLANG_WARN_STRICT_PROTOTYPES = YES;
				CLANG_WARN_SUSPICIOUS_MOVE = YES;
				CLANG_WARN_UNGUARDED_AVAILABILITY = YES_AGGRESSIVE;
				CLANG_WARN_UNREACHABLE_CODE = YES;
				CLANG_WARN__DUPLICATE_METHOD_MATCH = YES;
				CODE_SIGN_IDENTITY = "iPhone Developer";
				COPY_PHASE_STRIP = NO;
				DEBUG_INFORMATION_FORMAT = dwarf;
				ENABLE_STRICT_OBJC_MSGSEND = YES;
				ENABLE_TESTABILITY = YES;
				GCC_C_LANGUAGE_STANDARD = gnu11;
				GCC_DYNAMIC_NO_PIC = NO;
				GCC_NO_COMMON_BLOCKS = YES;
				GCC_OPTIMIZATION_LEVEL = 0;
				GCC_PREPROCESSOR_DEFINITIONS = (
					"DEBUG=1",
					"$(inherited)",
				);
				GCC_WARN_64_TO_32_BIT_CONVERSION = YES;
				GCC_WARN_ABOUT_RETURN_TYPE = YES_ERROR;
				GCC_WARN_UNDECLARED_SELECTOR = YES;
				GCC_WARN_UNINITIALIZED_AUTOS = YES_AGGRESSIVE;
				GCC_WARN_UNUSED_FUNCTION = YES;
				GCC_WARN_UNUSED_VARIABLE = YES;
				IPHONEOS_DEPLOYMENT_TARGET = 12.2;
				MTL_ENABLE_DEBUG_INFO = INCLUDE_SOURCE;
				MTL_FAST_MATH = YES;
				ONLY_ACTIVE_ARCH = YES;
				SDKROOT = iphoneos;
				SWIFT_ACTIVE_COMPILATION_CONDITIONS = DEBUG;
				SWIFT_OPTIMIZATION_LEVEL = "-Onone";
			};
			name = Debug;
		};
		24DBE74A22A97F4B0066A8D5 /* Release */ = {
			isa = XCBuildConfiguration;
			buildSettings = {
				ALWAYS_SEARCH_USER_PATHS = NO;
				CLANG_ANALYZER_NONNULL = YES;
				CLANG_ANALYZER_NUMBER_OBJECT_CONVERSION = YES_AGGRESSIVE;
				CLANG_CXX_LANGUAGE_STANDARD = "gnu++14";
				CLANG_CXX_LIBRARY = "libc++";
				CLANG_ENABLE_MODULES = YES;
				CLANG_ENABLE_OBJC_ARC = YES;
				CLANG_ENABLE_OBJC_WEAK = YES;
				CLANG_WARN_BLOCK_CAPTURE_AUTORELEASING = YES;
				CLANG_WARN_BOOL_CONVERSION = YES;
				CLANG_WARN_COMMA = YES;
				CLANG_WARN_CONSTANT_CONVERSION = YES;
				CLANG_WARN_DEPRECATED_OBJC_IMPLEMENTATIONS = YES;
				CLANG_WARN_DIRECT_OBJC_ISA_USAGE = YES_ERROR;
				CLANG_WARN_DOCUMENTATION_COMMENTS = YES;
				CLANG_WARN_EMPTY_BODY = YES;
				CLANG_WARN_ENUM_CONVERSION = YES;
				CLANG_WARN_INFINITE_RECURSION = YES;
				CLANG_WARN_INT_CONVERSION = YES;
				CLANG_WARN_NON_LITERAL_NULL_CONVERSION = YES;
				CLANG_WARN_OBJC_IMPLICIT_RETAIN_SELF = YES;
				CLANG_WARN_OBJC_LITERAL_CONVERSION = YES;
				CLANG_WARN_OBJC_ROOT_CLASS = YES_ERROR;
				CLANG_WARN_RANGE_LOOP_ANALYSIS = YES;
				CLANG_WARN_STRICT_PROTOTYPES = YES;
				CLANG_WARN_SUSPICIOUS_MOVE = YES;
				CLANG_WARN_UNGUARDED_AVAILABILITY = YES_AGGRESSIVE;
				CLANG_WARN_UNREACHABLE_CODE = YES;
				CLANG_WARN__DUPLICATE_METHOD_MATCH = YES;
				CODE_SIGN_IDENTITY = "iPhone Developer";
				COPY_PHASE_STRIP = NO;
				DEBUG_INFORMATION_FORMAT = "dwarf-with-dsym";
				ENABLE_NS_ASSERTIONS = NO;
				ENABLE_STRICT_OBJC_MSGSEND = YES;
				GCC_C_LANGUAGE_STANDARD = gnu11;
				GCC_NO_COMMON_BLOCKS = YES;
				GCC_WARN_64_TO_32_BIT_CONVERSION = YES;
				GCC_WARN_ABOUT_RETURN_TYPE = YES_ERROR;
				GCC_WARN_UNDECLARED_SELECTOR = YES;
				GCC_WARN_UNINITIALIZED_AUTOS = YES_AGGRESSIVE;
				GCC_WARN_UNUSED_FUNCTION = YES;
				GCC_WARN_UNUSED_VARIABLE = YES;
				IPHONEOS_DEPLOYMENT_TARGET = 12.2;
				MTL_ENABLE_DEBUG_INFO = NO;
				MTL_FAST_MATH = YES;
				SDKROOT = iphoneos;
				SWIFT_COMPILATION_MODE = wholemodule;
				SWIFT_OPTIMIZATION_LEVEL = "-O";
				VALIDATE_PRODUCT = YES;
			};
			name = Release;
		};
		24DBE74C22A97F4B0066A8D5 /* Debug */ = {
			isa = XCBuildConfiguration;
			buildSettings = {
				ASSETCATALOG_COMPILER_APPICON_NAME = AppIcon;
				CODE_SIGN_STYLE = Automatic;
				DEVELOPMENT_TEAM = 6KB5RUBFJK;
				INFOPLIST_FILE = "$(SRCROOT)/myProjectMVC/App/Info.plist";
				LD_RUNPATH_SEARCH_PATHS = (
					"$(inherited)",
					"@executable_path/Frameworks",
				);
				PRODUCT_BUNDLE_IDENTIFIER = kaisheng.myProjectMVC;
				PRODUCT_NAME = "$(TARGET_NAME)";
				SWIFT_VERSION = 5.0;
				TARGETED_DEVICE_FAMILY = 1;
			};
			name = Debug;
		};
		24DBE74D22A97F4B0066A8D5 /* Release */ = {
			isa = XCBuildConfiguration;
			buildSettings = {
				ASSETCATALOG_COMPILER_APPICON_NAME = AppIcon;
				CODE_SIGN_STYLE = Automatic;
				DEVELOPMENT_TEAM = 6KB5RUBFJK;
				INFOPLIST_FILE = "$(SRCROOT)/myProjectMVC/App/Info.plist";
				LD_RUNPATH_SEARCH_PATHS = (
					"$(inherited)",
					"@executable_path/Frameworks",
				);
				PRODUCT_BUNDLE_IDENTIFIER = kaisheng.myProjectMVC;
				PRODUCT_NAME = "$(TARGET_NAME)";
				SWIFT_VERSION = 5.0;
				TARGETED_DEVICE_FAMILY = 1;
			};
			name = Release;
		};
/* End XCBuildConfiguration section */

/* Begin XCConfigurationList section */
		24DBE73422A97F4A0066A8D5 /* Build configuration list for PBXProject "myProjectMVC" */ = {
			isa = XCConfigurationList;
			buildConfigurations = (
				24DBE74922A97F4B0066A8D5 /* Debug */,
				24DBE74A22A97F4B0066A8D5 /* Release */,
			);
			defaultConfigurationIsVisible = 0;
			defaultConfigurationName = Release;
		};
		24DBE74B22A97F4B0066A8D5 /* Build configuration list for PBXNativeTarget "myProjectMVC" */ = {
			isa = XCConfigurationList;
			buildConfigurations = (
				24DBE74C22A97F4B0066A8D5 /* Debug */,
				24DBE74D22A97F4B0066A8D5 /* Release */,
			);
			defaultConfigurationIsVisible = 0;
			defaultConfigurationName = Release;
		};
/* End XCConfigurationList section */
	};
	rootObject = 24DBE73122A97F4A0066A8D5 /* Project object */;
}
